{
  "nodes": {
    "nixpkgs": {
      "locked": {
        "lastModified": 1734424634,
        "narHash": "sha256-cHar1vqHOOyC7f1+tVycPoWTfKIaqkoe1Q6TnKzuti4=",
        "owner": "nixos",
        "repo": "nixpkgs",
        "rev": "d3c42f187194c26d9f0309a8ecc469d6c878ce33",
        "type": "github"
      },
      "original": {
        "owner": "nixos",
        "ref": "nixos-unstable",
        "repo": "nixpkgs",
        "type": "github"
      }
    },
    "root": {
      "inputs": {
        "nixpkgs": "nixpkgs",
        "zen-browser-aarch64": "zen-browser-aarch64",
        "zen-browser-generic": "zen-browser-generic",
        "zen-browser-specific": "zen-browser-specific"
      }
    },
    "zen-browser-aarch64": {
      "flake": false,
      "locked": {
        "lastModified": 1734215440,
        "narHash": "sha256-eUT6Zv6MJOjFeeY5WbXeaJ9alcx/11a+93n6LEFg8yI=",
        "type": "tarball",
        "url": "https://github.com/zen-browser/desktop/releases/download/1.0.2-b.2/zen.linux-aarch64.tar.bz2"
      },
      "original": {
        "type": "tarball",
        "url": "https://github.com/zen-browser/desktop/releases/download/1.0.2-b.2/zen.linux-aarch64.tar.bz2"
      }
    },
    "zen-browser-generic": {
      "flake": false,
      "locked": {
        "lastModified": 1734220871,
        "narHash": "sha256-3NihEgT1GA9BRUf+H4+ZtXgz9wSrxphQUoozW34QuHI=",
        "type": "tarball",
        "url": "https://github.com/zen-browser/desktop/releases/download/1.0.2-b.2/zen.linux-generic.tar.bz2"
      },
      "original": {
        "type": "tarball",
        "url": "https://github.com/zen-browser/desktop/releases/download/1.0.2-b.2/zen.linux-generic.tar.bz2"
      }
    },
    "zen-browser-specific": {
      "flake": false,
      "locked": {
        "lastModified": 1734221044,
        "narHash": "sha256-B7Jx+Yvr5m1EjHxVffSwzXnkvCyvdwiaeHM8RB5Eabc=",
        "type": "tarball",
        "url": "https://github.com/zen-browser/desktop/releases/download/1.0.2-b.2/zen.linux-specific.tar.bz2"
      },
      "original": {
        "type": "tarball",
        "url": "https://github.com/zen-browser/desktop/releases/download/1.0.2-b.2/zen.linux-specific.tar.bz2"
      }
    }
  },
  "root": "root",
  "version": 7
}
